{
    "_readme": [
        "This file locks the dependencies of your project to a known state",
        "Read more about it at http://getcomposer.org/doc/01-basic-usage.md#composer-lock-the-lock-file"
    ],
    "hash": "8b1a30450dc65fe2274a8fdd9a216918",
    "packages": [
        {
            "name": "codeplex/phpexcel",
            "version": "1.7.8",
            "source": {
                "type": "git",
                "url": "https://github.com/markushausammann/PHPExcel",
                "reference": "1.7.8"
            },
            "dist": {
                "type": "zip",
                "url": "https://github.com/markushausammann/PHPExcel/archive/1.7.8.zip",
                "reference": "1.7.8",
                "shasum": ""
            },
            "require": {
                "ext-xml": "*",
                "php": ">=5.2.0"
            },
            "type": "library",
            "autoload": {
                "psr-0": {
                    "PHPExcel": ""
                }
            },
            "notification-url": "https://packagist.org/downloads/",
            "license": [
                "LGPL"
            ],
            "authors": [
                {
                    "name": "Maarten Balliauw",
                    "homepage": "http://blog.maartenballiauw.be"
                },
                {
                    "name": "Mark Baker"
                },
                {
                    "name": "Erit Tilt"
                }
            ],
            "description": "PHPExcel - OpenXML - Create Excel2007 documents in PHP - Spreadsheet engine",
            "homepage": "http://phpexcel.codeplex.com",
            "keywords": [
                "OpenXML",
                "excel",
                "php",
                "spreadsheet"
            ],
            "time": "2012-11-21 10:55:52"
        },
        {
            "name": "ezyang/htmlpurifier",
            "version": "v4.5.0",
            "source": {
                "type": "git",
                "url": "https://github.com/ezyang/htmlpurifier.git",
                "reference": "v4.5.0"
            },
            "dist": {
                "type": "zip",
                "url": "https://api.github.com/repos/ezyang/htmlpurifier/zipball/v4.5.0",
                "reference": "v4.5.0",
                "shasum": ""
            },
            "require": {
                "php": ">=5.2"
            },
            "type": "library",
            "autoload": {
                "psr-0": {
                    "HTMLPurifier": "library/"
                },
                "files": [
                    "library/HTMLPurifier.composer.php"
                ]
            },
            "notification-url": "https://packagist.org/downloads/",
            "license": [
                "LGPL"
            ],
            "authors": [
                {
                    "name": "Edward Z. Yang",
                    "email": "admin@htmlpurifier.org",
                    "homepage": "http://ezyang.com"
                }
            ],
            "description": "Standards compliant HTML filter written in PHP",
            "homepage": "http://htmlpurifier.org/",
            "keywords": [
                "html"
            ],
            "time": "2013-02-18 00:04:08"
        },
        {
            "name": "syncroton/syncroton",
            "version": "dev-master",
            "source": {
                "type": "git",
                "url": "http://git.syncroton.org/Syncroton",
                "reference": "f061229de36774b33bfb93a6966368d130f51988"
            },
            "require": {
                "php": ">=5.3.0"
            },
            "type": "library",
            "autoload": {
                "psr-0": {
                    "Syncroton": "lib/"
                }
            },
            "license": [
                "LGPL-3"
            ],
            "description": "Library to sync mobile phones",
            "homepage": "http://www.syncroton.org",
            "time": "2013-04-12 15:36:38"
        }
    ],
    "packages-dev": [

    ],
    "aliases": [

    ],
    "minimum-stability": "stable",
    "stability-flags": {
        "syncroton/syncroton": 20
    },
    "platform": [

    ],
    "platform-dev": [

    ]
}
